
Microsoft Visual Studio Solution File, Format Version 12.00
# Visual Studio Version 16
VisualStudioVersion = 16.0.31402.337
MinimumVisualStudioVersion = 10.0.40219.1
Project("{FAE04EC0-301F-11D3-BF4B-00C04F79EFBC}") = "ProyectoFinal", "ProyectoFinal\ProyectoFinal.csproj", "{BE3A586D-E5D8-4E40-8EC8-D9080B5A23E6}"
EndProject
Global
	GlobalSection(SolutionConfigurationPlatforms) = preSolution
		Debug|Any CPU = Debug|Any CPU
		Release|Any CPU = Release|Any CPU
	EndGlobalSection
	GlobalSection(ProjectConfigurationPlatforms) = postSolution
		{BE3A586D-E5D8-4E40-8EC8-D9080B5A23E6}.Debug|Any CPU.ActiveCfg = Debug|Any CPU
		{BE3A586D-E5D8-4E40-8EC8-D9080B5A23E6}.Debug|Any CPU.Build.0 = Debug|Any CPU
		{BE3A586D-E5D8-4E40-8EC8-D9080B5A23E6}.Release|Any CPU.ActiveCfg = Release|Any CPU
		{BE3A586D-E5D8-4E40-8EC8-D9080B5A23E6}.Release|Any CPU.Build.0 = Release|Any CPU
	EndGlobalSection
	GlobalSection(SolutionProperties) = preSolution
		HideSolutionNode = FALSE
	EndGlobalSection
	GlobalSection(ExtensibilityGlobals) = postSolution
		SolutionGuid = {52B9A583-9F0D-48CC-A978-9EEBA47257D9}
	EndGlobalSection
EndGlobal
